// !$*UTF8*$!
{
	archiveVersion = 1;
	classes = {
	};
	objectVersion = 56;
	objects = {

/* Begin PBXBuildFile section */
		A1B069F22ACE5B6900A86935 /* Audio_AppApp.swift in Sources */ = {isa = PBXBuildFile; fileRef = A1B069F12ACE5B6900A86935 /* Audio_AppApp.swift */; };
		A1B069F42ACE5B6900A86935 /* ContentView.swift in Sources */ = {isa = PBXBuildFile; fileRef = A1B069F32ACE5B6900A86935 /* ContentView.swift */; };
		A1B069F62ACE5B6B00A86935 /* Assets.xcassets in Resources */ = {isa = PBXBuildFile; fileRef = A1B069F52ACE5B6B00A86935 /* Assets.xcassets */; };
		A1B069F92ACE5B6B00A86935 /* Preview Assets.xcassets in Resources */ = {isa = PBXBuildFile; fileRef = A1B069F82ACE5B6B00A86935 /* Preview Assets.xcassets */; };
		A1B06A032ACE5B6B00A86935 /* Audio_AppTests.swift in Sources */ = {isa = PBXBuildFile; fileRef = A1B06A022ACE5B6B00A86935 /* Audio_AppTests.swift */; };
		A1B06A0D2ACE5B6B00A86935 /* Audio_AppUITests.swift in Sources */ = {isa = PBXBuildFile; fileRef = A1B06A0C2ACE5B6B00A86935 /* Audio_AppUITests.swift */; };
		A1B06A0F2ACE5B6B00A86935 /* Audio_AppUITestsLaunchTests.swift in Sources */ = {isa = PBXBuildFile; fileRef = A1B06A0E2ACE5B6B00A86935 /* Audio_AppUITestsLaunchTests.swift */; };
		A1B06A202ACE5FFB00A86935 /* FavSong.swift in Sources */ = {isa = PBXBuildFile; fileRef = A1B06A1F2ACE5FFB00A86935 /* FavSong.swift */; };
		A1B06A222ACE635500A86935 /* CoffeeShop.swift in Sources */ = {isa = PBXBuildFile; fileRef = A1B06A212ACE635500A86935 /* CoffeeShop.swift */; };
		A1B06A242ACE899B00A86935 /* 92914 - Okinawa (Audio).mp3 in Resources */ = {isa = PBXBuildFile; fileRef = A1B06A232ACE899B00A86935 /* 92914 - Okinawa (Audio).mp3 */; };
		A1B06A262ACE8A4E00A86935 /* Redbone - Childish Gambino (Guitar Cover) (1).mp3 in Resources */ = {isa = PBXBuildFile; fileRef = A1B06A252ACE8A4E00A86935 /* Redbone - Childish Gambino (Guitar Cover) (1).mp3 */; };
		A1B06A282ACE8AB500A86935 /* life hack Vaundy (Guitar cover).mp3 in Resources */ = {isa = PBXBuildFile; fileRef = A1B06A272ACE8AB500A86935 /* life hack Vaundy (Guitar cover).mp3 */; };
		A1B06A2B2ACEF6EB00A86935 /* okinawa.jpg in Resources */ = {isa = PBXBuildFile; fileRef = A1B06A2A2ACEF6EB00A86935 /* okinawa.jpg */; };
		A1B06A2D2ACF074000A86935 /* Childish_Gambino_-_Awaken,_My_Love!.png in Resources */ = {isa = PBXBuildFile; fileRef = A1B06A2C2ACF074000A86935 /* Childish_Gambino_-_Awaken,_My_Love!.png */; };
		A1B06A2F2ACF076800A86935 /* lifehack.jpeg in Resources */ = {isa = PBXBuildFile; fileRef = A1B06A2E2ACF076800A86935 /* lifehack.jpeg */; };
		A1B06A692AD74E0900A86935 /* Archivo in Resources */ = {isa = PBXBuildFile; fileRef = A1B06A682AD74E0900A86935 /* Archivo */; };
		A1B06A6B2AD79C3600A86935 /* That Kyoto Vibe.mp3 in Resources */ = {isa = PBXBuildFile; fileRef = A1B06A6A2AD79C3600A86935 /* That Kyoto Vibe.mp3 */; };
		A1B06A6D2AD79CB800A86935 /* 1 MINUTE Relaxing rain sound rain.mp3 in Resources */ = {isa = PBXBuildFile; fileRef = A1B06A6C2AD79CB700A86935 /* 1 MINUTE Relaxing rain sound rain.mp3 */; };
/* End PBXBuildFile section */

/* Begin PBXContainerItemProxy section */
		A1B069FF2ACE5B6B00A86935 /* PBXContainerItemProxy */ = {
			isa = PBXContainerItemProxy;
			containerPortal = A1B069E62ACE5B6900A86935 /* Project object */;
			proxyType = 1;
			remoteGlobalIDString = A1B069ED2ACE5B6900A86935;
			remoteInfo = "Audio App";
		};
		A1B06A092ACE5B6B00A86935 /* PBXContainerItemProxy */ = {
			isa = PBXContainerItemProxy;
			containerPortal = A1B069E62ACE5B6900A86935 /* Project object */;
			proxyType = 1;
			remoteGlobalIDString = A1B069ED2ACE5B6900A86935;
			remoteInfo = "Audio App";
		};
/* End PBXContainerItemProxy section */

/* Begin PBXFileReference section */
		A1B069EE2ACE5B6900A86935 /* Audio App.app */ = {isa = PBXFileReference; explicitFileType = wrapper.application; includeInIndex = 0; path = "Audio App.app"; sourceTree = BUILT_PRODUCTS_DIR; };
		A1B069F12ACE5B6900A86935 /* Audio_AppApp.swift */ = {isa = PBXFileReference; lastKnownFileType = sourcecode.swift; path = Audio_AppApp.swift; sourceTree = "<group>"; };
		A1B069F32ACE5B6900A86935 /* ContentView.swift */ = {isa = PBXFileReference; lastKnownFileType = sourcecode.swift; path = ContentView.swift; sourceTree = "<group>"; };
		A1B069F52ACE5B6B00A86935 /* Assets.xcassets */ = {isa = PBXFileReference; lastKnownFileType = folder.assetcatalog; path = Assets.xcassets; sourceTree = "<group>"; };
		A1B069F82ACE5B6B00A86935 /* Preview Assets.xcassets */ = {isa = PBXFileReference; lastKnownFileType = folder.assetcatalog; path = "Preview Assets.xcassets"; sourceTree = "<group>"; };
		A1B069FE2ACE5B6B00A86935 /* Audio AppTests.xctest */ = {isa = PBXFileReference; explicitFileType = wrapper.cfbundle; includeInIndex = 0; path = "Audio AppTests.xctest"; sourceTree = BUILT_PRODUCTS_DIR; };
		A1B06A022ACE5B6B00A86935 /* Audio_AppTests.swift */ = {isa = PBXFileReference; lastKnownFileType = sourcecode.swift; path = Audio_AppTests.swift; sourceTree = "<group>"; };
		A1B06A082ACE5B6B00A86935 /* Audio AppUITests.xctest */ = {isa = PBXFileReference; explicitFileType = wrapper.cfbundle; includeInIndex = 0; path = "Audio AppUITests.xctest"; sourceTree = BUILT_PRODUCTS_DIR; };
		A1B06A0C2ACE5B6B00A86935 /* Audio_AppUITests.swift */ = {isa = PBXFileReference; lastKnownFileType = sourcecode.swift; path = Audio_AppUITests.swift; sourceTree = "<group>"; };
		A1B06A0E2ACE5B6B00A86935 /* Audio_AppUITestsLaunchTests.swift */ = {isa = PBXFileReference; lastKnownFileType = sourcecode.swift; path = Audio_AppUITestsLaunchTests.swift; sourceTree = "<group>"; };
		A1B06A1F2ACE5FFB00A86935 /* FavSong.swift */ = {isa = PBXFileReference; lastKnownFileType = sourcecode.swift; path = FavSong.swift; sourceTree = "<group>"; };
		A1B06A212ACE635500A86935 /* CoffeeShop.swift */ = {isa = PBXFileReference; lastKnownFileType = sourcecode.swift; path = CoffeeShop.swift; sourceTree = "<group>"; };
		A1B06A232ACE899B00A86935 /* 92914 - Okinawa (Audio).mp3 */ = {isa = PBXFileReference; lastKnownFileType = audio.mp3; path = "92914 - Okinawa (Audio).mp3"; sourceTree = "<group>"; };
		A1B06A252ACE8A4E00A86935 /* Redbone - Childish Gambino (Guitar Cover) (1).mp3 */ = {isa = PBXFileReference; lastKnownFileType = audio.mp3; path = "Redbone - Childish Gambino (Guitar Cover) (1).mp3"; sourceTree = "<group>"; };
		A1B06A272ACE8AB500A86935 /* life hack Vaundy (Guitar cover).mp3 */ = {isa = PBXFileReference; lastKnownFileType = audio.mp3; path = "life hack Vaundy (Guitar cover).mp3"; sourceTree = "<group>"; };
		A1B06A2A2ACEF6EB00A86935 /* okinawa.jpg */ = {isa = PBXFileReference; lastKnownFileType = image.jpeg; path = okinawa.jpg; sourceTree = "<group>"; };
		A1B06A2C2ACF074000A86935 /* Childish_Gambino_-_Awaken,_My_Love!.png */ = {isa = PBXFileReference; lastKnownFileType = image.png; path = "Childish_Gambino_-_Awaken,_My_Love!.png"; sourceTree = "<group>"; };
		A1B06A2E2ACF076800A86935 /* lifehack.jpeg */ = {isa = PBXFileReference; lastKnownFileType = image.jpeg; path = lifehack.jpeg; sourceTree = "<group>"; };
		A1B06A682AD74E0900A86935 /* Archivo */ = {isa = PBXFileReference; lastKnownFileType = folder; name = Archivo; path = ../../../../../../Downloads/Assets/Fonts/Archivo; sourceTree = "<group>"; };
		A1B06A6A2AD79C3600A86935 /* That Kyoto Vibe.mp3 */ = {isa = PBXFileReference; lastKnownFileType = audio.mp3; name = "That Kyoto Vibe.mp3"; path = "../../../../../../Downloads/That Kyoto Vibe.mp3"; sourceTree = "<group>"; };
		A1B06A6C2AD79CB700A86935 /* 1 MINUTE Relaxing rain sound rain.mp3 */ = {isa = PBXFileReference; lastKnownFileType = audio.mp3; name = "1 MINUTE Relaxing rain sound rain.mp3"; path = "../../../../../../Downloads/1 MINUTE Relaxing rain sound rain.mp3"; sourceTree = "<group>"; };
/* End PBXFileReference section */

/* Begin PBXFrameworksBuildPhase section */
		A1B069EB2ACE5B6900A86935 /* Frameworks */ = {
			isa = PBXFrameworksBuildPhase;
			buildActionMask = 2147483647;
			files = (
			);
			runOnlyForDeploymentPostprocessing = 0;
		};
		A1B069FB2ACE5B6B00A86935 /* Frameworks */ = {
			isa = PBXFrameworksBuildPhase;
			buildActionMask = 2147483647;
			files = (
			);
			runOnlyForDeploymentPostprocessing = 0;
		};
		A1B06A052ACE5B6B00A86935 /* Frameworks */ = {
			isa = PBXFrameworksBuildPhase;
			buildActionMask = 2147483647;
			files = (
			);
			runOnlyForDeploymentPostprocessing = 0;
		};
/* End PBXFrameworksBuildPhase section */

/* Begin PBXGroup section */
		A1B069E52ACE5B6900A86935 = {
			isa = PBXGroup;
			children = (
				A1B06A292ACE8B2D00A86935 /* Resources */,
				A1B069F02ACE5B6900A86935 /* Audio App */,
				A1B06A012ACE5B6B00A86935 /* Audio AppTests */,
				A1B06A0B2ACE5B6B00A86935 /* Audio AppUITests */,
				A1B069EF2ACE5B6900A86935 /* Products */,
			);
			sourceTree = "<group>";
		};
		A1B069EF2ACE5B6900A86935 /* Products */ = {
			isa = PBXGroup;
			children = (
				A1B069EE2ACE5B6900A86935 /* Audio App.app */,
				A1B069FE2ACE5B6B00A86935 /* Audio AppTests.xctest */,
				A1B06A082ACE5B6B00A86935 /* Audio AppUITests.xctest */,
			);
			name = Products;
			sourceTree = "<group>";
		};
		A1B069F02ACE5B6900A86935 /* Audio App */ = {
			isa = PBXGroup;
			children = (
				A1B069F12ACE5B6900A86935 /* Audio_AppApp.swift */,
				A1B069F32ACE5B6900A86935 /* ContentView.swift */,
				A1B06A1F2ACE5FFB00A86935 /* FavSong.swift */,
				A1B06A212ACE635500A86935 /* CoffeeShop.swift */,
				A1B069F52ACE5B6B00A86935 /* Assets.xcassets */,
				A1B069F72ACE5B6B00A86935 /* Preview Content */,
			);
			path = "Audio App";
			sourceTree = "<group>";
		};
		A1B069F72ACE5B6B00A86935 /* Preview Content */ = {
			isa = PBXGroup;
			children = (
				A1B069F82ACE5B6B00A86935 /* Preview Assets.xcassets */,
			);
			path = "Preview Content";
			sourceTree = "<group>";
		};
		A1B06A012ACE5B6B00A86935 /* Audio AppTests */ = {
			isa = PBXGroup;
			children = (
				A1B06A022ACE5B6B00A86935 /* Audio_AppTests.swift */,
			);
			path = "Audio AppTests";
			sourceTree = "<group>";
		};
		A1B06A0B2ACE5B6B00A86935 /* Audio AppUITests */ = {
			isa = PBXGroup;
			children = (
				A1B06A0C2ACE5B6B00A86935 /* Audio_AppUITests.swift */,
				A1B06A0E2ACE5B6B00A86935 /* Audio_AppUITestsLaunchTests.swift */,
			);
			path = "Audio AppUITests";
			sourceTree = "<group>";
		};
		A1B06A292ACE8B2D00A86935 /* Resources */ = {
			isa = PBXGroup;
			children = (
				A1B06A682AD74E0900A86935 /* Archivo */,
				A1B06A2A2ACEF6EB00A86935 /* okinawa.jpg */,
				A1B06A272ACE8AB500A86935 /* life hack Vaundy (Guitar cover).mp3 */,
				A1B06A252ACE8A4E00A86935 /* Redbone - Childish Gambino (Guitar Cover) (1).mp3 */,
				A1B06A2E2ACF076800A86935 /* lifehack.jpeg */,
				A1B06A2C2ACF074000A86935 /* Childish_Gambino_-_Awaken,_My_Love!.png */,
				A1B06A232ACE899B00A86935 /* 92914 - Okinawa (Audio).mp3 */,
				A1B06A6A2AD79C3600A86935 /* That Kyoto Vibe.mp3 */,
				A1B06A6C2AD79CB700A86935 /* 1 MINUTE Relaxing rain sound rain.mp3 */,
			);
			path = Resources;
			sourceTree = "<group>";
		};
/* End PBXGroup section */

/* Begin PBXNativeTarget section */
		A1B069ED2ACE5B6900A86935 /* Audio App */ = {
			isa = PBXNativeTarget;
			buildConfigurationList = A1B06A122ACE5B6B00A86935 /* Build configuration list for PBXNativeTarget "Audio App" */;
			buildPhases = (
				A1B069EA2ACE5B6900A86935 /* Sources */,
				A1B069EB2ACE5B6900A86935 /* Frameworks */,
				A1B069EC2ACE5B6900A86935 /* Resources */,
			);
			buildRules = (
			);
			dependencies = (
			);
			name = "Audio App";
			productName = "Audio App";
			productReference = A1B069EE2ACE5B6900A86935 /* Audio App.app */;
			productType = "com.apple.product-type.application";
		};
		A1B069FD2ACE5B6B00A86935 /* Audio AppTests */ = {
			isa = PBXNativeTarget;
			buildConfigurationList = A1B06A152ACE5B6B00A86935 /* Build configuration list for PBXNativeTarget "Audio AppTests" */;
			buildPhases = (
				A1B069FA2ACE5B6B00A86935 /* Sources */,
				A1B069FB2ACE5B6B00A86935 /* Frameworks */,
				A1B069FC2ACE5B6B00A86935 /* Resources */,
			);
			buildRules = (
			);
			dependencies = (
				A1B06A002ACE5B6B00A86935 /* PBXTargetDependency */,
			);
			name = "Audio AppTests";
			productName = "Audio AppTests";
			productReference = A1B069FE2ACE5B6B00A86935 /* Audio AppTests.xctest */;
			productType = "com.apple.product-type.bundle.unit-test";
		};
		A1B06A072ACE5B6B00A86935 /* Audio AppUITests */ = {
			isa = PBXNativeTarget;
			buildConfigurationList = A1B06A182ACE5B6B00A86935 /* Build configuration list for PBXNativeTarget "Audio AppUITests" */;
			buildPhases = (
				A1B06A042ACE5B6B00A86935 /* Sources */,
				A1B06A052ACE5B6B00A86935 /* Frameworks */,
				A1B06A062ACE5B6B00A86935 /* Resources */,
			);
			buildRules = (
			);
			dependencies = (
				A1B06A0A2ACE5B6B00A86935 /* PBXTargetDependency */,
			);
			name = "Audio AppUITests";
			productName = "Audio AppUITests";
			productReference = A1B06A082ACE5B6B00A86935 /* Audio AppUITests.xctest */;
			productType = "com.apple.product-type.bundle.ui-testing";
		};
/* End PBXNativeTarget section */

/* Begin PBXProject section */
		A1B069E62ACE5B6900A86935 /* Project object */ = {
			isa = PBXProject;
			attributes = {
				BuildIndependentTargetsInParallel = 1;
				LastSwiftUpdateCheck = 1430;
				LastUpgradeCheck = 1430;
				TargetAttributes = {
					A1B069ED2ACE5B6900A86935 = {
						CreatedOnToolsVersion = 14.3.1;
					};
					A1B069FD2ACE5B6B00A86935 = {
						CreatedOnToolsVersion = 14.3.1;
						TestTargetID = A1B069ED2ACE5B6900A86935;
					};
					A1B06A072ACE5B6B00A86935 = {
						CreatedOnToolsVersion = 14.3.1;
						TestTargetID = A1B069ED2ACE5B6900A86935;
					};
				};
			};
			buildConfigurationList = A1B069E92ACE5B6900A86935 /* Build configuration list for PBXProject "Audio App" */;
			compatibilityVersion = "Xcode 14.0";
			developmentRegion = en;
			hasScannedForEncodings = 0;
			knownRegions = (
				en,
				Base,
			);
			mainGroup = A1B069E52ACE5B6900A86935;
			productRefGroup = A1B069EF2ACE5B6900A86935 /* Products */;
			projectDirPath = "";
			projectRoot = "";
			targets = (
				A1B069ED2ACE5B6900A86935 /* Audio App */,
				A1B069FD2ACE5B6B00A86935 /* Audio AppTests */,
				A1B06A072ACE5B6B00A86935 /* Audio AppUITests */,
			);
		};
/* End PBXProject section */

/* Begin PBXResourcesBuildPhase section */
		A1B069EC2ACE5B6900A86935 /* Resources */ = {
			isa = PBXResourcesBuildPhase;
			buildActionMask = 2147483647;
			files = (
				A1B06A2F2ACF076800A86935 /* lifehack.jpeg in Resources */,
				A1B069F92ACE5B6B00A86935 /* Preview Assets.xcassets in Resources */,
				A1B06A242ACE899B00A86935 /* 92914 - Okinawa (Audio).mp3 in Resources */,
				A1B06A262ACE8A4E00A86935 /* Redbone - Childish Gambino (Guitar Cover) (1).mp3 in Resources */,
				A1B06A6B2AD79C3600A86935 /* That Kyoto Vibe.mp3 in Resources */,
				A1B069F62ACE5B6B00A86935 /* Assets.xcassets in Resources */,
				A1B06A6D2AD79CB800A86935 /* 1 MINUTE Relaxing rain sound rain.mp3 in Resources */,
				A1B06A2B2ACEF6EB00A86935 /* okinawa.jpg in Resources */,
				A1B06A692AD74E0900A86935 /* Archivo in Resources */,
				A1B06A2D2ACF074000A86935 /* Childish_Gambino_-_Awaken,_My_Love!.png in Resources */,
				A1B06A282ACE8AB500A86935 /* life hack Vaundy (Guitar cover).mp3 in Resources */,
			);
			runOnlyForDeploymentPostprocessing = 0;
		};
		A1B069FC2ACE5B6B00A86935 /* Resources */ = {
			isa = PBXResourcesBuildPhase;
			buildActionMask = 2147483647;
			files = (
			);
			runOnlyForDeploymentPostprocessing = 0;
		};
		A1B06A062ACE5B6B00A86935 /* Resources */ = {
			isa = PBXResourcesBuildPhase;
			buildActionMask = 2147483647;
			files = (
			);
			runOnlyForDeploymentPostprocessing = 0;
		};
/* End PBXResourcesBuildPhase section */

/* Begin PBXSourcesBuildPhase section */
		A1B069EA2ACE5B6900A86935 /* Sources */ = {
			isa = PBXSourcesBuildPhase;
			buildActionMask = 2147483647;
			files = (
				A1B06A202ACE5FFB00A86935 /* FavSong.swift in Sources */,
				A1B06A222ACE635500A86935 /* CoffeeShop.swift in Sources */,
				A1B069F42ACE5B6900A86935 /* ContentView.swift in Sources */,
				A1B069F22ACE5B6900A86935 /* Audio_AppApp.swift in Sources */,
			);
			runOnlyForDeploymentPostprocessing = 0;
		};
		A1B069FA2ACE5B6B00A86935 /* Sources */ = {
			isa = PBXSourcesBuildPhase;
			buildActionMask = 2147483647;
			files = (
				A1B06A032ACE5B6B00A86935 /* Audio_AppTests.swift in Sources */,
			);
			runOnlyForDeploymentPostprocessing = 0;
		};
		A1B06A042ACE5B6B00A86935 /* Sources */ = {
			isa = PBXSourcesBuildPhase;
			buildActionMask = 2147483647;
			files = (
				A1B06A0D2ACE5B6B00A86935 /* Audio_AppUITests.swift in Sources */,
				A1B06A0F2ACE5B6B00A86935 /* Audio_AppUITestsLaunchTests.swift in Sources */,
			);
			runOnlyForDeploymentPostprocessing = 0;
		};
/* End PBXSourcesBuildPhase section */

/* Begin PBXTargetDependency section */
		A1B06A002ACE5B6B00A86935 /* PBXTargetDependency */ = {
			isa = PBXTargetDependency;
			target = A1B069ED2ACE5B6900A86935 /* Audio App */;
			targetProxy = A1B069FF2ACE5B6B00A86935 /* PBXContainerItemProxy */;
		};
		A1B06A0A2ACE5B6B00A86935 /* PBXTargetDependency */ = {
			isa = PBXTargetDependency;
			target = A1B069ED2ACE5B6900A86935 /* Audio App */;
			targetProxy = A1B06A092ACE5B6B00A86935 /* PBXContainerItemProxy */;
		};
/* End PBXTargetDependency section */

/* Begin XCBuildConfiguration section */
		A1B06A102ACE5B6B00A86935 /* Debug */ = {
			isa = XCBuildConfiguration;
			buildSettings = {
				ALWAYS_SEARCH_USER_PATHS = NO;
				CLANG_ANALYZER_NONNULL = YES;
				CLANG_ANALYZER_NUMBER_OBJECT_CONVERSION = YES_AGGRESSIVE;
				CLANG_CXX_LANGUAGE_STANDARD = "gnu++20";
				CLANG_ENABLE_MODULES = YES;
				CLANG_ENABLE_OBJC_ARC = YES;
				CLANG_ENABLE_OBJC_WEAK = YES;
				CLANG_WARN_BLOCK_CAPTURE_AUTORELEASING = YES;
				CLANG_WARN_BOOL_CONVERSION = YES;
				CLANG_WARN_COMMA = YES;
				CLANG_WARN_CONSTANT_CONVERSION = YES;
				CLANG_WARN_DEPRECATED_OBJC_IMPLEMENTATIONS = YES;
				CLANG_WARN_DIRECT_OBJC_ISA_USAGE = YES_ERROR;
				CLANG_WARN_DOCUMENTATION_COMMENTS = YES;
				CLANG_WARN_EMPTY_BODY = YES;
				CLANG_WARN_ENUM_CONVERSION = YES;
				CLANG_WARN_INFINITE_RECURSION = YES;
				CLANG_WARN_INT_CONVERSION = YES;
				CLANG_WARN_NON_LITERAL_NULL_CONVERSION = YES;
				CLANG_WARN_OBJC_IMPLICIT_RETAIN_SELF = YES;
				CLANG_WARN_OBJC_LITERAL_CONVERSION = YES;
				CLANG_WARN_OBJC_ROOT_CLASS = YES_ERROR;
				CLANG_WARN_QUOTED_INCLUDE_IN_FRAMEWORK_HEADER = YES;
				CLANG_WARN_RANGE_LOOP_ANALYSIS = YES;
				CLANG_WARN_STRICT_PROTOTYPES = YES;
				CLANG_WARN_SUSPICIOUS_MOVE = YES;
				CLANG_WARN_UNGUARDED_AVAILABILITY = YES_AGGRESSIVE;
				CLANG_WARN_UNREACHABLE_CODE = YES;
				CLANG_WARN__DUPLICATE_METHOD_MATCH = YES;
				COPY_PHASE_STRIP = NO;
				DEBUG_INFORMATION_FORMAT = dwarf;
				ENABLE_STRICT_OBJC_MSGSEND = YES;
				ENABLE_TESTABILITY = YES;
				GCC_C_LANGUAGE_STANDARD = gnu11;
				GCC_DYNAMIC_NO_PIC = NO;
				GCC_NO_COMMON_BLOCKS = YES;
				GCC_OPTIMIZATION_LEVEL = 0;
				GCC_PREPROCESSOR_DEFINITIONS = (
					"DEBUG=1",
					"$(inherited)",
				);
				GCC_WARN_64_TO_32_BIT_CONVERSION = YES;
				GCC_WARN_ABOUT_RETURN_TYPE = YES_ERROR;
				GCC_WARN_UNDECLARED_SELECTOR = YES;
				GCC_WARN_UNINITIALIZED_AUTOS = YES_AGGRESSIVE;
				GCC_WARN_UNUSED_FUNCTION = YES;
				GCC_WARN_UNUSED_VARIABLE = YES;
				IPHONEOS_DEPLOYMENT_TARGET = 16.4;
				MTL_ENABLE_DEBUG_INFO = INCLUDE_SOURCE;
				MTL_FAST_MATH = YES;
				ONLY_ACTIVE_ARCH = YES;
				SDKROOT = iphoneos;
				SWIFT_ACTIVE_COMPILATION_CONDITIONS = DEBUG;
				SWIFT_OPTIMIZATION_LEVEL = "-Onone";
			};
			name = Debug;
		};
		A1B06A112ACE5B6B00A86935 /* Release */ = {
			isa = XCBuildConfiguration;
			buildSettings = {
				ALWAYS_SEARCH_USER_PATHS = NO;
				CLANG_ANALYZER_NONNULL = YES;
				CLANG_ANALYZER_NUMBER_OBJECT_CONVERSION = YES_AGGRESSIVE;
				CLANG_CXX_LANGUAGE_STANDARD = "gnu++20";
				CLANG_ENABLE_MODULES = YES;
				CLANG_ENABLE_OBJC_ARC = YES;
				CLANG_ENABLE_OBJC_WEAK = YES;
				CLANG_WARN_BLOCK_CAPTURE_AUTORELEASING = YES;
				CLANG_WARN_BOOL_CONVERSION = YES;
				CLANG_WARN_COMMA = YES;
				CLANG_WARN_CONSTANT_CONVERSION = YES;
				CLANG_WARN_DEPRECATED_OBJC_IMPLEMENTATIONS = YES;
				CLANG_WARN_DIRECT_OBJC_ISA_USAGE = YES_ERROR;
				CLANG_WARN_DOCUMENTATION_COMMENTS = YES;
				CLANG_WARN_EMPTY_BODY = YES;
				CLANG_WARN_ENUM_CONVERSION = YES;
				CLANG_WARN_INFINITE_RECURSION = YES;
				CLANG_WARN_INT_CONVERSION = YES;
				CLANG_WARN_NON_LITERAL_NULL_CONVERSION = YES;
				CLANG_WARN_OBJC_IMPLICIT_RETAIN_SELF = YES;
				CLANG_WARN_OBJC_LITERAL_CONVERSION = YES;
				CLANG_WARN_OBJC_ROOT_CLASS = YES_ERROR;
				CLANG_WARN_QUOTED_INCLUDE_IN_FRAMEWORK_HEADER = YES;
				CLANG_WARN_RANGE_LOOP_ANALYSIS = YES;
				CLANG_WARN_STRICT_PROTOTYPES = YES;
				CLANG_WARN_SUSPICIOUS_MOVE = YES;
				CLANG_WARN_UNGUARDED_AVAILABILITY = YES_AGGRESSIVE;
				CLANG_WARN_UNREACHABLE_CODE = YES;
				CLANG_WARN__DUPLICATE_METHOD_MATCH = YES;
				COPY_PHASE_STRIP = NO;
				DEBUG_INFORMATION_FORMAT = "dwarf-with-dsym";
				ENABLE_NS_ASSERTIONS = NO;
				ENABLE_STRICT_OBJC_MSGSEND = YES;
				GCC_C_LANGUAGE_STANDARD = gnu11;
				GCC_NO_COMMON_BLOCKS = YES;
				GCC_WARN_64_TO_32_BIT_CONVERSION = YES;
				GCC_WARN_ABOUT_RETURN_TYPE = YES_ERROR;
				GCC_WARN_UNDECLARED_SELECTOR = YES;
				GCC_WARN_UNINITIALIZED_AUTOS = YES_AGGRESSIVE;
				GCC_WARN_UNUSED_FUNCTION = YES;
				GCC_WARN_UNUSED_VARIABLE = YES;
				IPHONEOS_DEPLOYMENT_TARGET = 16.4;
				MTL_ENABLE_DEBUG_INFO = NO;
				MTL_FAST_MATH = YES;
				SDKROOT = iphoneos;
				SWIFT_COMPILATION_MODE = wholemodule;
				SWIFT_OPTIMIZATION_LEVEL = "-O";
				VALIDATE_PRODUCT = YES;
			};
			name = Release;
		};
		A1B06A132ACE5B6B00A86935 /* Debug */ = {
			isa = XCBuildConfiguration;
			buildSettings = {
				ASSETCATALOG_COMPILER_APPICON_NAME = AppIcon;
				ASSETCATALOG_COMPILER_GLOBAL_ACCENT_COLOR_NAME = AccentColor;
				CODE_SIGN_STYLE = Automatic;
				CURRENT_PROJECT_VERSION = 1;
				DEVELOPMENT_ASSET_PATHS = "\"Audio App/Preview Content\"";
				DEVELOPMENT_TEAM = X2YK455986;
				ENABLE_PREVIEWS = YES;
				GENERATE_INFOPLIST_FILE = YES;
				INFOPLIST_KEY_UIApplicationSceneManifest_Generation = YES;
				INFOPLIST_KEY_UIApplicationSupportsIndirectInputEvents = YES;
				INFOPLIST_KEY_UILaunchScreen_Generation = YES;
				INFOPLIST_KEY_UISupportedInterfaceOrientations_iPad = "UIInterfaceOrientationPortrait UIInterfaceOrientationPortraitUpsideDown UIInterfaceOrientationLandscapeLeft UIInterfaceOrientationLandscapeRight";
				INFOPLIST_KEY_UISupportedInterfaceOrientations_iPhone = "UIInterfaceOrientationPortrait UIInterfaceOrientationLandscapeLeft UIInterfaceOrientationLandscapeRight";
				LD_RUNPATH_SEARCH_PATHS = (
					"$(inherited)",
					"@executable_path/Frameworks",
				);
				MARKETING_VERSION = 1.0;
				PRODUCT_BUNDLE_IDENTIFIER = "molab.Audio-App";
				PRODUCT_NAME = "$(TARGET_NAME)";
				SWIFT_EMIT_LOC_STRINGS = YES;
				SWIFT_VERSION = 5.0;
				TARGETED_DEVICE_FAMILY = "1,2";
			};
			name = Debug;
		};
		A1B06A142ACE5B6B00A86935 /* Release */ = {
			isa = XCBuildConfiguration;
			buildSettings = {
				ASSETCATALOG_COMPILER_APPICON_NAME = AppIcon;
				ASSETCATALOG_COMPILER_GLOBAL_ACCENT_COLOR_NAME = AccentColor;
				CODE_SIGN_STYLE = Automatic;
				CURRENT_PROJECT_VERSION = 1;
				DEVELOPMENT_ASSET_PATHS = "\"Audio App/Preview Content\"";
				DEVELOPMENT_TEAM = X2YK455986;
				ENABLE_PREVIEWS = YES;
				GENERATE_INFOPLIST_FILE = YES;
				INFOPLIST_KEY_UIApplicationSceneManifest_Generation = YES;
				INFOPLIST_KEY_UIApplicationSupportsIndirectInputEvents = YES;
				INFOPLIST_KEY_UILaunchScreen_Generation = YES;
				INFOPLIST_KEY_UISupportedInterfaceOrientations_iPad = "UIInterfaceOrientationPortrait UIInterfaceOrientationPortraitUpsideDown UIInterfaceOrientationLandscapeLeft UIInterfaceOrientationLandscapeRight";
				INFOPLIST_KEY_UISupportedInterfaceOrientations_iPhone = "UIInterfaceOrientationPortrait UIInterfaceOrientationLandscapeLeft UIInterfaceOrientationLandscapeRight";
				LD_RUNPATH_SEARCH_PATHS = (
					"$(inherited)",
					"@executable_path/Frameworks",
				);
				MARKETING_VERSION = 1.0;
				PRODUCT_BUNDLE_IDENTIFIER = "molab.Audio-App";
				PRODUCT_NAME = "$(TARGET_NAME)";
				SWIFT_EMIT_LOC_STRINGS = YES;
				SWIFT_VERSION = 5.0;
				TARGETED_DEVICE_FAMILY = "1,2";
			};
			name = Release;
		};
		A1B06A162ACE5B6B00A86935 /* Debug */ = {
			isa = XCBuildConfiguration;
			buildSettings = {
				ALWAYS_EMBED_SWIFT_STANDARD_LIBRARIES = YES;
				BUNDLE_LOADER = "$(TEST_HOST)";
				CODE_SIGN_STYLE = Automatic;
				CURRENT_PROJECT_VERSION = 1;
				DEVELOPMENT_TEAM = X2YK455986;
				GENERATE_INFOPLIST_FILE = YES;
				IPHONEOS_DEPLOYMENT_TARGET = 16.4;
				MARKETING_VERSION = 1.0;
				PRODUCT_BUNDLE_IDENTIFIER = "molab.Audio-AppTests";
				PRODUCT_NAME = "$(TARGET_NAME)";
				SWIFT_EMIT_LOC_STRINGS = NO;
				SWIFT_VERSION = 5.0;
				TARGETED_DEVICE_FAMILY = "1,2";
				TEST_HOST = "$(BUILT_PRODUCTS_DIR)/Audio App.app/$(BUNDLE_EXECUTABLE_FOLDER_PATH)/Audio App";
			};
			name = Debug;
		};
		A1B06A172ACE5B6B00A86935 /* Release */ = {
			isa = XCBuildConfiguration;
			buildSettings = {
				ALWAYS_EMBED_SWIFT_STANDARD_LIBRARIES = YES;
				BUNDLE_LOADER = "$(TEST_HOST)";
				CODE_SIGN_STYLE = Automatic;
				CURRENT_PROJECT_VERSION = 1;
				DEVELOPMENT_TEAM = X2YK455986;
				GENERATE_INFOPLIST_FILE = YES;
				IPHONEOS_DEPLOYMENT_TARGET = 16.4;
				MARKETING_VERSION = 1.0;
				PRODUCT_BUNDLE_IDENTIFIER = "molab.Audio-AppTests";
				PRODUCT_NAME = "$(TARGET_NAME)";
				SWIFT_EMIT_LOC_STRINGS = NO;
				SWIFT_VERSION = 5.0;
				TARGETED_DEVICE_FAMILY = "1,2";
				TEST_HOST = "$(BUILT_PRODUCTS_DIR)/Audio App.app/$(BUNDLE_EXECUTABLE_FOLDER_PATH)/Audio App";
			};
			name = Release;
		};
		A1B06A192ACE5B6B00A86935 /* Debug */ = {
			isa = XCBuildConfiguration;
			buildSettings = {
				ALWAYS_EMBED_SWIFT_STANDARD_LIBRARIES = YES;
				CODE_SIGN_STYLE = Automatic;
				CURRENT_PROJECT_VERSION = 1;
				DEVELOPMENT_TEAM = X2YK455986;
				GENERATE_INFOPLIST_FILE = YES;
				MARKETING_VERSION = 1.0;
				PRODUCT_BUNDLE_IDENTIFIER = "molab.Audio-AppUITests";
				PRODUCT_NAME = "$(TARGET_NAME)";
				SWIFT_EMIT_LOC_STRINGS = NO;
				SWIFT_VERSION = 5.0;
				TARGETED_DEVICE_FAMILY = "1,2";
				TEST_TARGET_NAME = "Audio App";
			};
			name = Debug;
		};
		A1B06A1A2ACE5B6B00A86935 /* Release */ = {
			isa = XCBuildConfiguration;
			buildSettings = {
				ALWAYS_EMBED_SWIFT_STANDARD_LIBRARIES = YES;
				CODE_SIGN_STYLE = Automatic;
				CURRENT_PROJECT_VERSION = 1;
				DEVELOPMENT_TEAM = X2YK455986;
				GENERATE_INFOPLIST_FILE = YES;
				MARKETING_VERSION = 1.0;
				PRODUCT_BUNDLE_IDENTIFIER = "molab.Audio-AppUITests";
				PRODUCT_NAME = "$(TARGET_NAME)";
				SWIFT_EMIT_LOC_STRINGS = NO;
				SWIFT_VERSION = 5.0;
				TARGETED_DEVICE_FAMILY = "1,2";
				TEST_TARGET_NAME = "Audio App";
			};
			name = Release;
		};
/* End XCBuildConfiguration section */

/* Begin XCConfigurationList section */
		A1B069E92ACE5B6900A86935 /* Build configuration list for PBXProject "Audio App" */ = {
			isa = XCConfigurationList;
			buildConfigurations = (
				A1B06A102ACE5B6B00A86935 /* Debug */,
				A1B06A112ACE5B6B00A86935 /* Release */,
			);
			defaultConfigurationIsVisible = 0;
			defaultConfigurationName = Release;
		};
		A1B06A122ACE5B6B00A86935 /* Build configuration list for PBXNativeTarget "Audio App" */ = {
			isa = XCConfigurationList;
			buildConfigurations = (
				A1B06A132ACE5B6B00A86935 /* Debug */,
				A1B06A142ACE5B6B00A86935 /* Release */,
			);
			defaultConfigurationIsVisible = 0;
			defaultConfigurationName = Release;
		};
		A1B06A152ACE5B6B00A86935 /* Build configuration list for PBXNativeTarget "Audio AppTests" */ = {
			isa = XCConfigurationList;
			buildConfigurations = (
				A1B06A162ACE5B6B00A86935 /* Debug */,
				A1B06A172ACE5B6B00A86935 /* Release */,
			);
			defaultConfigurationIsVisible = 0;
			defaultConfigurationName = Release;
		};
		A1B06A182ACE5B6B00A86935 /* Build configuration list for PBXNativeTarget "Audio AppUITests" */ = {
			isa = XCConfigurationList;
			buildConfigurations = (
				A1B06A192ACE5B6B00A86935 /* Debug */,
				A1B06A1A2ACE5B6B00A86935 /* Release */,
			);
			defaultConfigurationIsVisible = 0;
			defaultConfigurationName = Release;
		};
/* End XCConfigurationList section */
	};
	rootObject = A1B069E62ACE5B6900A86935 /* Project object */;
}
